
Microsoft Visual Studio Solution File, Format Version 12.00
# Visual Studio Version 17
VisualStudioVersion = 17.11.35327.3
MinimumVisualStudioVersion = 10.0.40219.1
Project("{FAE04EC0-301F-11D3-BF4B-00C04F79EFBC}") = "Secao3Aula24Exercicios1EstruturaSequencial04", "Secao3Aula24Exercicios1EstruturaSequencial04\Secao3Aula24Exercicios1EstruturaSequencial04.csproj", "{F822E535-214A-4C95-A349-A3018D2C8704}"
EndProject
Global
	GlobalSection(SolutionConfigurationPlatforms) = preSolution
		Debug|Any CPU = Debug|Any CPU
		Release|Any CPU = Release|Any CPU
	EndGlobalSection
	GlobalSection(ProjectConfigurationPlatforms) = postSolution
		{F822E535-214A-4C95-A349-A3018D2C8704}.Debug|Any CPU.ActiveCfg = Debug|Any CPU
		{F822E535-214A-4C95-A349-A3018D2C8704}.Debug|Any CPU.Build.0 = Debug|Any CPU
		{F822E535-214A-4C95-A349-A3018D2C8704}.Release|Any CPU.ActiveCfg = Release|Any CPU
		{F822E535-214A-4C95-A349-A3018D2C8704}.Release|Any CPU.Build.0 = Release|Any CPU
	EndGlobalSection
	GlobalSection(SolutionProperties) = preSolution
		HideSolutionNode = FALSE
	EndGlobalSection
	GlobalSection(ExtensibilityGlobals) = postSolution
		SolutionGuid = {C2622028-CDFF-403A-90F2-855DD861DDB4}
	EndGlobalSection
EndGlobal
