
Microsoft Visual Studio Solution File, Format Version 12.00
# Visual Studio Version 17
VisualStudioVersion = 17.11.35327.3
MinimumVisualStudioVersion = 10.0.40219.1
Project("{FAE04EC0-301F-11D3-BF4B-00C04F79EFBC}") = "Secao3Aula29Exercicios2EstruturaCondicional01", "Secao3Aula29Exercicios2EstruturaCondicional01\Secao3Aula29Exercicios2EstruturaCondicional01.csproj", "{D9724666-97BB-4CDE-AC1E-7228CECF9ED5}"
EndProject
Global
	GlobalSection(SolutionConfigurationPlatforms) = preSolution
		Debug|Any CPU = Debug|Any CPU
		Release|Any CPU = Release|Any CPU
	EndGlobalSection
	GlobalSection(ProjectConfigurationPlatforms) = postSolution
		{D9724666-97BB-4CDE-AC1E-7228CECF9ED5}.Debug|Any CPU.ActiveCfg = Debug|Any CPU
		{D9724666-97BB-4CDE-AC1E-7228CECF9ED5}.Debug|Any CPU.Build.0 = Debug|Any CPU
		{D9724666-97BB-4CDE-AC1E-7228CECF9ED5}.Release|Any CPU.ActiveCfg = Release|Any CPU
		{D9724666-97BB-4CDE-AC1E-7228CECF9ED5}.Release|Any CPU.Build.0 = Release|Any CPU
	EndGlobalSection
	GlobalSection(SolutionProperties) = preSolution
		HideSolutionNode = FALSE
	EndGlobalSection
	GlobalSection(ExtensibilityGlobals) = postSolution
		SolutionGuid = {EB92A294-D8E8-4E3F-891B-B325D0EBE166}
	EndGlobalSection
EndGlobal
